
Microsoft Visual Studio Solution File, Format Version 12.00
# Visual Studio Version 17
VisualStudioVersion = 17.10.35013.160
MinimumVisualStudioVersion = 10.0.40219.1
Project("{FAE04EC0-301F-11D3-BF4B-00C04F79EFBC}") = "Project.API", "Project.API.csproj", "{08861FD1-CC11-4DE8-825D-3E635C67662E}"
EndProject
Project("{FAE04EC0-301F-11D3-BF4B-00C04F79EFBC}") = "Project.Domain", "..\ProgrammersProject.Domain\Project.Domain.csproj", "{5034FD19-0D63-47F1-B934-740039128018}"
EndProject
Project("{FAE04EC0-301F-11D3-BF4B-00C04F79EFBC}") = "Project.Infrastructure", "..\ProgrammersProject.Infrastructure\Project.Infrastructure.csproj", "{42AF9D8C-D1B9-40CC-AF9E-2348CBA97AD9}"
EndProject
Global
	GlobalSection(SolutionConfigurationPlatforms) = preSolution
		Debug|Any CPU = Debug|Any CPU
		Release|Any CPU = Release|Any CPU
	EndGlobalSection
	GlobalSection(ProjectConfigurationPlatforms) = postSolution
		{08861FD1-CC11-4DE8-825D-3E635C67662E}.Debug|Any CPU.ActiveCfg = Debug|Any CPU
		{08861FD1-CC11-4DE8-825D-3E635C67662E}.Debug|Any CPU.Build.0 = Debug|Any CPU
		{08861FD1-CC11-4DE8-825D-3E635C67662E}.Release|Any CPU.ActiveCfg = Release|Any CPU
		{08861FD1-CC11-4DE8-825D-3E635C67662E}.Release|Any CPU.Build.0 = Release|Any CPU
		{5034FD19-0D63-47F1-B934-740039128018}.Debug|Any CPU.ActiveCfg = Debug|Any CPU
		{5034FD19-0D63-47F1-B934-740039128018}.Debug|Any CPU.Build.0 = Debug|Any CPU
		{5034FD19-0D63-47F1-B934-740039128018}.Release|Any CPU.ActiveCfg = Release|Any CPU
		{5034FD19-0D63-47F1-B934-740039128018}.Release|Any CPU.Build.0 = Release|Any CPU
		{42AF9D8C-D1B9-40CC-AF9E-2348CBA97AD9}.Debug|Any CPU.ActiveCfg = Debug|Any CPU
		{42AF9D8C-D1B9-40CC-AF9E-2348CBA97AD9}.Debug|Any CPU.Build.0 = Debug|Any CPU
		{42AF9D8C-D1B9-40CC-AF9E-2348CBA97AD9}.Release|Any CPU.ActiveCfg = Release|Any CPU
		{42AF9D8C-D1B9-40CC-AF9E-2348CBA97AD9}.Release|Any CPU.Build.0 = Release|Any CPU
	EndGlobalSection
	GlobalSection(SolutionProperties) = preSolution
		HideSolutionNode = FALSE
	EndGlobalSection
	GlobalSection(ExtensibilityGlobals) = postSolution
		SolutionGuid = {AA90837E-31EE-4476-976A-F55E183FDB84}
	EndGlobalSection
EndGlobal
