
Microsoft Visual Studio Solution File, Format Version 12.00
# Visual Studio Version 17
VisualStudioVersion = 17.10.35013.160
MinimumVisualStudioVersion = 10.0.40219.1
Project("{9A19103F-16F7-4668-BE54-9A1E7A4F7556}") = "MiniumApi", "MiniumApi.csproj", "{C454FB5C-6B83-4085-8CEA-A1860BA8468E}"
EndProject
Global
	GlobalSection(SolutionConfigurationPlatforms) = preSolution
		Debug|Any CPU = Debug|Any CPU
		Release|Any CPU = Release|Any CPU
	EndGlobalSection
	GlobalSection(ProjectConfigurationPlatforms) = postSolution
		{C454FB5C-6B83-4085-8CEA-A1860BA8468E}.Debug|Any CPU.ActiveCfg = Debug|Any CPU
		{C454FB5C-6B83-4085-8CEA-A1860BA8468E}.Debug|Any CPU.Build.0 = Debug|Any CPU
		{C454FB5C-6B83-4085-8CEA-A1860BA8468E}.Release|Any CPU.ActiveCfg = Release|Any CPU
		{C454FB5C-6B83-4085-8CEA-A1860BA8468E}.Release|Any CPU.Build.0 = Release|Any CPU
	EndGlobalSection
	GlobalSection(SolutionProperties) = preSolution
		HideSolutionNode = FALSE
	EndGlobalSection
	GlobalSection(ExtensibilityGlobals) = postSolution
		SolutionGuid = {B0E9DC53-C912-4BD1-9D37-0AA6F2ADCF9D}
	EndGlobalSection
EndGlobal
