
Microsoft Visual Studio Solution File, Format Version 12.00
# Visual Studio Version 17
VisualStudioVersion = 17.10.35004.147
MinimumVisualStudioVersion = 10.0.40219.1
Project("{FAE04EC0-301F-11D3-BF4B-00C04F79EFBC}") = "PaymentCalculator", "PaymentCalculator.csproj", "{CAFBB61D-631A-44FE-BCCE-552F20A733EA}"
EndProject
Global
	GlobalSection(SolutionConfigurationPlatforms) = preSolution
		Debug|Any CPU = Debug|Any CPU
		Release|Any CPU = Release|Any CPU
	EndGlobalSection
	GlobalSection(ProjectConfigurationPlatforms) = postSolution
		{CAFBB61D-631A-44FE-BCCE-552F20A733EA}.Debug|Any CPU.ActiveCfg = Debug|Any CPU
		{CAFBB61D-631A-44FE-BCCE-552F20A733EA}.Debug|Any CPU.Build.0 = Debug|Any CPU
		{CAFBB61D-631A-44FE-BCCE-552F20A733EA}.Release|Any CPU.ActiveCfg = Release|Any CPU
		{CAFBB61D-631A-44FE-BCCE-552F20A733EA}.Release|Any CPU.Build.0 = Release|Any CPU
	EndGlobalSection
	GlobalSection(SolutionProperties) = preSolution
		HideSolutionNode = FALSE
	EndGlobalSection
	GlobalSection(ExtensibilityGlobals) = postSolution
		SolutionGuid = {9968B5EE-86AE-44BA-B9F3-EF00D4E4D0E9}
	EndGlobalSection
EndGlobal
