
Microsoft Visual Studio Solution File, Format Version 12.00
# Visual Studio Version 17
VisualStudioVersion = 17.10.35004.147
MinimumVisualStudioVersion = 10.0.40219.1
Project("{FAE04EC0-301F-11D3-BF4B-00C04F79EFBC}") = "MessageLog", "MessageLog.csproj", "{2CBEAC4D-C824-4A66-811F-C75EC7EAAE50}"
EndProject
Global
	GlobalSection(SolutionConfigurationPlatforms) = preSolution
		Debug|Any CPU = Debug|Any CPU
		Release|Any CPU = Release|Any CPU
	EndGlobalSection
	GlobalSection(ProjectConfigurationPlatforms) = postSolution
		{2CBEAC4D-C824-4A66-811F-C75EC7EAAE50}.Debug|Any CPU.ActiveCfg = Debug|Any CPU
		{2CBEAC4D-C824-4A66-811F-C75EC7EAAE50}.Debug|Any CPU.Build.0 = Debug|Any CPU
		{2CBEAC4D-C824-4A66-811F-C75EC7EAAE50}.Release|Any CPU.ActiveCfg = Release|Any CPU
		{2CBEAC4D-C824-4A66-811F-C75EC7EAAE50}.Release|Any CPU.Build.0 = Release|Any CPU
	EndGlobalSection
	GlobalSection(SolutionProperties) = preSolution
		HideSolutionNode = FALSE
	EndGlobalSection
	GlobalSection(ExtensibilityGlobals) = postSolution
		SolutionGuid = {1EA700E6-1477-44CF-8C04-88FDABDF22B0}
	EndGlobalSection
EndGlobal
